# Generated by conda-lock.
# platform: osx-64
# input_hash: c14f0c6c0ae653ff6c4b5511cdb9257e2f4dfe8286ab48f50f943881c4ba566f

channels:
  - conda-forge
dependencies:
  - aom=3.9.1=hf036a51_0
  - bzip2=1.0.8=h500dc9f_9
  - c-ares=1.34.6=hb5e19a0_0
  - ca-certificates=2026.2.25=hbd8a1cb_0
  - cairo=1.18.4=h950ec3b_0
  - dav1d=1.2.1=h0dc2134_0
  - ffmpeg=6.1.2=gpl_h9c046ae_106
  - font-ttf-dejavu-sans-mono=2.37=hab24e00_0
  - font-ttf-inconsolata=3.000=h77eed37_0
  - font-ttf-source-code-pro=2.038=h77eed37_0
  - font-ttf-ubuntu=0.83=h77eed37_3
  - fontconfig=2.17.1=h7a4440b_0
  - fonts-conda-ecosystem=1=0
  - fonts-conda-forge=1=hc364b38_1
  - freetype=2.14.2=h694c41f_0
  - fribidi=1.0.16=h8616949_0
  - giflib=5.2.2=h10d778d_0
  - git=2.53.0=pl5321hd1efe10_0
  - gmp=6.3.0=hf036a51_2
  - graphite2=1.3.14=h21dd04a_2
  - harfbuzz=12.2.0=hc5d3ef4_0
  - icu=75.1=h120a0e1_0
  - krb5=1.22.2=h207b36a_0
  - lame=3.100=hb7f2c08_1003
  - lerc=4.1.0=h35c7297_0
  - libabseil=20240722.0=cxx17_h0e468a2_4
  - libass=0.17.3=h07fa1ac_1
  - libbrotlicommon=1.2.0=h8616949_1
  - libbrotlidec=1.2.0=h8616949_1
  - libbrotlienc=1.2.0=h8616949_1
  - libcurl=8.19.0=h8f0b9e4_0
  - libcxx=22.1.1=h19cb2f5_0
  - libdeflate=1.25=h517ebb2_0
  - libedit=3.1.20250104=pl5321ha958ccf_0
  - libev=4.33=h10d778d_2
  - libexpat=2.7.4=h991f03e_0
  - libffi=3.5.2=hd1f9c09_0
  - libfreetype=2.14.2=h694c41f_0
  - libfreetype6=2.14.2=h58fbd8d_0
  - libglib=2.86.4=hec30fc1_1
  - libhwloc=2.12.1=default_h8c32e24_1000
  - libiconv=1.18=h57a12c2_2
  - libintl=0.25.1=h3184127_1
  - libjpeg-turbo=3.1.2=h8616949_0
  - liblzma=5.8.2=h11316ed_0
  - liblzma-devel=5.8.2=h11316ed_0
  - libnghttp2=1.68.1=h70048d4_0
  - libogg=1.3.5=he3325bb_1
  - libopenvino=2024.4.0=h84cb933_2
  - libopenvino-auto-batch-plugin=2024.4.0=h92dab7a_2
  - libopenvino-auto-plugin=2024.4.0=h92dab7a_2
  - libopenvino-hetero-plugin=2024.4.0=h14156cc_2
  - libopenvino-intel-cpu-plugin=2024.4.0=h84cb933_2
  - libopenvino-ir-frontend=2024.4.0=h14156cc_2
  - libopenvino-onnx-frontend=2024.4.0=he28f95a_2
  - libopenvino-paddle-frontend=2024.4.0=he28f95a_2
  - libopenvino-pytorch-frontend=2024.4.0=hc3d39de_2
  - libopenvino-tensorflow-frontend=2024.4.0=h488aad4_2
  - libopenvino-tensorflow-lite-frontend=2024.4.0=hc3d39de_2
  - libopus=1.6.1=hc6ced15_0
  - libpng=1.6.55=h07817ec_0
  - libprotobuf=5.28.2=h8b30cf6_0
  - libsqlite=3.52.0=h77d7759_0
  - libssh2=1.11.1=hed3591d_0
  - libtiff=4.7.1=ha0a348c_1
  - libuv=1.51.0=h58003a5_1
  - libvorbis=1.3.7=ha059160_2
  - libvpx=1.14.1=hf036a51_0
  - libwebp=1.6.0=h5442d53_0
  - libwebp-base=1.6.0=hb807250_0
  - libxml2=2.13.9=he1bc88e_0
  - libzlib=1.3.1=hd23fc13_2
  - lua=5.5.0=h4dfa24d_0
  - ncurses=6.5=h0622a9a_3
  - nodejs=24.12.0=hb2861ea_0
  - openh264=2.4.1=h73e2aa4_0
  - openjpeg=2.5.4=h52bb76a_0
  - openssl=3.6.1=hb6871ef_1
  - pandoc=3.9.0.2=h694c41f_0
  - pcre2=10.47=h13923f0_0
  - perl=5.32.1=7_h10d778d_perl5
  - pixman=0.46.4=ha059160_1
  - pugixml=1.14=he965462_0
  - python=3.11.15=ha9537fe_0_cpython
  - readline=8.3=h68b038d_0
  - snappy=1.2.2=h01f5ddf_1
  - svt-av1=2.3.0=h97d8b74_0
  - tbb=2022.3.0=hf0c99ee_1
  - tk=8.6.13=h7142dee_3
  - tzdata=2025c=hc9c84f9_1
  - uv=0.10.12=hbc54fe3_0
  - x264=1!164.3095=h775f41a_2
  - x265=3.5=hbb4e6a2_3
  - xz=5.8.2=h8df612c_0
  - xz-gpl-tools=5.8.2=h8df612c_0
  - xz-tools=5.8.2=h11316ed_0
  - zstd=1.5.7=h3eecb57_6
