# Generated by micromamba env export.
# platform: osx-arm64

channels:
  - conda-forge
dependencies:
  - aom=3.9.1=h7bae524_0
  - bzip2=1.0.8=hd037594_9
  - c-ares=1.34.6=hc919400_0
  - ca-certificates=2026.2.25=hbd8a1cb_0
  - cairo=1.18.4=h6a3b0d2_0
  - dav1d=1.2.1=hb547adb_0
  - ffmpeg=6.1.2=gpl_hbafc610_106
  - font-ttf-dejavu-sans-mono=2.37=hab24e00_0
  - font-ttf-inconsolata=3.000=h77eed37_0
  - font-ttf-source-code-pro=2.038=h77eed37_0
  - font-ttf-ubuntu=0.83=h77eed37_3
  - fontconfig=2.17.1=h2b252f5_0
  - fonts-conda-ecosystem=1=0
  - fonts-conda-forge=1=hc364b38_1
  - freetype=2.14.2=hce30654_0
  - fribidi=1.0.16=hc919400_0
  - giflib=5.2.2=h93a5062_0
  - git=2.53.0=pl5321hc9deb11_0
  - gmp=6.3.0=h7bae524_2
  - graphite2=1.3.14=hec049ff_2
  - harfbuzz=12.2.0=haf38c7b_0
  - icu=75.1=hfee45f7_0
  - krb5=1.22.2=h385eeb1_0
  - lame=3.100=h1a8c8d9_1003
  - lerc=4.1.0=h1eee2c3_0
  - libabseil=20240722.0=cxx17_h07bc746_4
  - libass=0.17.3=h16a287c_1
  - libbrotlicommon=1.2.0=hc919400_1
  - libbrotlidec=1.2.0=hc919400_1
  - libbrotlienc=1.2.0=hc919400_1
  - libcurl=8.19.0=hd5a2499_0
  - libcxx=22.1.1=h55c6f16_0
  - libdeflate=1.25=hc11a715_0
  - libedit=3.1.20250104=pl5321hafb1f1b_0
  - libev=4.33=h93a5062_2
  - libexpat=2.7.4=hf6b4638_0
  - libffi=3.5.2=hcf2aa1b_0
  - libfreetype=2.14.2=hce30654_0
  - libfreetype6=2.14.2=hdfa99f5_0
  - libglib=2.86.4=he378b5c_1
  - libhwloc=2.12.1=default_h88f92a7_1000
  - libiconv=1.18=h23cfdf5_2
  - libintl=0.25.1=h493aca8_0
  - libjpeg-turbo=3.1.2=hc919400_0
  - liblzma=5.8.2=h8088a28_0
  - liblzma-devel=5.8.2=h8088a28_0
  - libnghttp2=1.68.1=h8f3e76b_0
  - libogg=1.3.5=h48c0fde_1
  - libopenvino=2024.4.0=hbfeda7a_2
  - libopenvino-arm-cpu-plugin=2024.4.0=hbfeda7a_2
  - libopenvino-auto-batch-plugin=2024.4.0=hf276634_2
  - libopenvino-auto-plugin=2024.4.0=hf276634_2
  - libopenvino-hetero-plugin=2024.4.0=h03892cd_2
  - libopenvino-ir-frontend=2024.4.0=h03892cd_2
  - libopenvino-onnx-frontend=2024.4.0=h7f5a098_2
  - libopenvino-paddle-frontend=2024.4.0=h7f5a098_2
  - libopenvino-pytorch-frontend=2024.4.0=h5833ebf_2
  - libopenvino-tensorflow-frontend=2024.4.0=h9d544f2_2
  - libopenvino-tensorflow-lite-frontend=2024.4.0=h5833ebf_2
  - libopus=1.6.1=h1a92334_0
  - libpng=1.6.55=h132b30e_0
  - libprotobuf=5.28.2=h8f0b736_0
  - libsqlite=3.52.0=h1b79a29_0
  - libssh2=1.11.1=h1590b86_0
  - libtiff=4.7.1=h4030677_1
  - libuv=1.51.0=h6caf38d_1
  - libvorbis=1.3.7=h81086ad_2
  - libvpx=1.14.1=h7bae524_0
  - libwebp=1.6.0=hc0253d1_0
  - libwebp-base=1.6.0=h07db88b_0
  - libxml2=2.13.9=h4a9ca0c_0
  - libzlib=1.3.2=h8088a28_2
  - lua=5.5.0=hb33a6db_0
  - ncurses=6.5=h5e97a16_3
  - nodejs=24.13.0=h3a0f24a_0
  - openh264=2.4.1=hebf3989_0
  - openjpeg=2.5.4=hd9e9057_0
  - openssl=3.6.1=hd24854e_1
  - packaging=26.0=pyhcf101f3_0
  - pandoc=3.9.0.2=hce30654_0
  - pcre2=10.47=h30297fc_0
  - perl=5.32.1=7_h4614cfb_perl5
  - pip=26.0.1=pyh8b19718_0
  - pixman=0.46.4=h81086ad_1
  - pugixml=1.14=h13dd4ca_0
  - python=3.11.15=h8561d8f_0_cpython
  - readline=8.3=h46df422_0
  - setuptools=82.0.1=pyh332efcf_0
  - snappy=1.2.2=hada39a4_1
  - svt-av1=2.3.0=hf24288c_0
  - tbb=2022.3.0=h66ce52b_1
  - tk=8.6.13=h010d191_3
  - tzdata=2025c=hc9c84f9_1
  - uv=0.10.12=h2a61971_0
  - wheel=0.46.3=pyhd8ed1ab_0
  - x264=1!164.3095=h57fd34a_2
  - x265=3.5=hbc6ce65_3
  - xz=5.8.2=hd0f0c4f_0
  - xz-gpl-tools=5.8.2=hd0f0c4f_0
  - xz-tools=5.8.2=h8088a28_0
  - zstd=1.5.7=hbf9d68e_6
