# Generated by conda-lock.
# platform: osx-arm64
# input_hash: 307f49ac76fd2b9faebb7f04827dc6f2e4f1c910aeee1181123d9449300cfdd5

channels:
  - conda-forge
  - defaults
dependencies:
  - aom=3.6.1=hb765f3a_0
  - bzip2=1.0.8=hd037594_8
  - c-ares=1.34.6=hc919400_0
  - ca-certificates=2026.1.4=hbd8a1cb_0
  - cairo=1.18.4=h6a3b0d2_0
  - dav1d=1.2.1=hb547adb_0
  - ffmpeg=6.1.1=h7693a39_3
  - font-ttf-dejavu-sans-mono=2.37=hab24e00_0
  - font-ttf-inconsolata=3.000=h77eed37_0
  - font-ttf-source-code-pro=2.038=h77eed37_0
  - font-ttf-ubuntu=0.83=h77eed37_3
  - fontconfig=2.15.0=h1383a14_1
  - fonts-conda-ecosystem=1=0
  - fonts-conda-forge=1=hc364b38_1
  - freetype=2.14.1=hce30654_0
  - fribidi=1.0.16=hc919400_0
  - gdk-pixbuf=2.42.10=h969f7ef_2
  - gettext=0.25.1=h3dcc1bd_0
  - gettext-tools=0.25.1=h493aca8_0
  - giflib=5.2.2=h93a5062_0
  - git=2.52.0=pl5321h8012a55_1
  - glib=2.86.3=h7ee6e74_0
  - glib-tools=2.86.3=hb9d6e3a_0
  - graphite2=1.3.14=hec049ff_2
  - harfbuzz=10.4.0=hb72c1af_0
  - icu=75.1=hfee45f7_0
  - jpeg=9e=he4db4b2_2
  - krb5=1.21.3=h237132a_0
  - lame=3.100=h1a8c8d9_1003
  - leptonica=1.82.0=hdedf53e_3
  - lerc=4.0.0=hd64df32_1
  - libabseil=20250512.1=cxx17_hd41c47c_0
  - libarchive=3.8.1=gpl_h46e8061_100
  - libasprintf=0.25.1=h493aca8_0
  - libasprintf-devel=0.25.1=h493aca8_0
  - libbrotlicommon=1.2.0=hc919400_1
  - libbrotlidec=1.2.0=hc919400_1
  - libbrotlienc=1.2.0=hc919400_1
  - libcurl=8.18.0=he38603e_0
  - libcxx=21.1.8=h55c6f16_2
  - libdeflate=1.22=hd74edd7_0
  - libedit=3.1.20250104=pl5321hafb1f1b_0
  - libev=4.33=h93a5062_2
  - libexpat=2.7.3=haf25636_0
  - libffi=3.5.2=hcf2aa1b_0
  - libfreetype=2.14.1=hce30654_0
  - libfreetype6=2.14.1=h6da58f4_0
  - libgettextpo=0.25.1=h493aca8_0
  - libgettextpo-devel=0.25.1=h493aca8_0
  - libglib=2.86.3=hfe11c1f_0
  - libiconv=1.18=h23cfdf5_2
  - libintl=0.25.1=h493aca8_0
  - libintl-devel=0.25.1=h493aca8_0
  - libjpeg-turbo=2.1.4=h1a8c8d9_0
  - liblzma=5.8.2=h8088a28_0
  - liblzma-devel=5.8.2=h8088a28_0
  - libnghttp2=1.67.0=hc438710_0
  - libogg=1.3.5=h48c0fde_1
  - libopus=1.6.1=h1a92334_0
  - libpng=1.6.54=h132b30e_0
  - librsvg=2.58.0=hb3d354b_1
  - libsqlite=3.51.2=h1b79a29_0
  - libssh2=1.11.1=h1590b86_0
  - libtheora=1.1.1=h99b78c6_1006
  - libtiff=4.7.0=h91aec0a_0
  - libuv=1.51.0=h6caf38d_1
  - libvorbis=1.3.7=h81086ad_2
  - libvpx=1.13.1=hb765f3a_0
  - libwebp=1.3.2=hf40cdb4_1
  - libwebp-base=1.3.2=h93a5062_1
  - libxml2=2.13.9=h4a9ca0c_0
  - libzlib=1.3.1=h8359307_2
  - lua=5.5.0=hb33a6db_0
  - lz4-c=1.10.0=h286801f_1
  - lzo=2.10=h925e9cb_1002
  - ncurses=6.5=h5e97a16_3
  - nodejs=25.2.1=h5230ea7_1
  - openh264=2.1.1=h98b2900_0
  - openjpeg=2.5.3=h889cd5d_1
  - openssl=3.6.1=hd24854e_1
  - packaging=26.0=pyhcf101f3_0
  - pandoc=3.9=hce30654_0
  - pango=1.56.3=h73f1e88_0
  - pcre2=10.47=h30297fc_0
  - perl=5.32.1=7_h4614cfb_perl5
  - pip=26.0.1=pyh8b19718_0
  - pixman=0.46.4=h81086ad_1
  - python=3.11.14=h18782d2_3_cpython
  - readline=8.3=h46df422_0
  - setuptools=80.10.2=pyh332efcf_0
  - tesseract=5.2.0=h9e66425_3
  - tk=8.6.13=h010d191_3
  - tzdata=2025c=hc9c84f9_1
  - uv=0.9.30=h9b11cc2_0
  - wheel=0.46.3=pyhd8ed1ab_0
  - x264=1!164.3095=h57fd34a_2
  - x265=3.5=hbc6ce65_3
  - xz=5.8.2=hd0f0c4f_0
  - xz-gpl-tools=5.8.2=hd0f0c4f_0
  - xz-tools=5.8.2=h8088a28_0
  - zlib=1.3.1=h8359307_2
  - zstd=1.5.7=hbf9d68e_6
